
Microsoft Visual Studio Solution File, Format Version 12.00
# Visual Studio Version 17
VisualStudioVersion = 17.11.35327.3
MinimumVisualStudioVersion = 10.0.40219.1
Project("{9A19103F-16F7-4668-BE54-9A1E7A4F7556}") = "test", "test\test.csproj", "{2BDD404C-62C4-4483-AF77-109982DE89E8}"
EndProject
Project("{2150E333-8FDC-42A3-9474-1A3956D46DE8}") = "Task0", "Task0", "{7187FE46-497B-48BB-94EB-108E83CBD25B}"
EndProject
Project("{FAE04EC0-301F-11D3-BF4B-00C04F79EFBC}") = "Tyuiu.NoskovVI.Sprint3.Task0.V28", "Tyuiu.NoskovVI.Sprint3.Task0.V28\Tyuiu.NoskovVI.Sprint3.Task0.V28.csproj", "{B1263C71-67C1-4E46-BA1A-C5FBB032219B}"
EndProject
Project("{FAE04EC0-301F-11D3-BF4B-00C04F79EFBC}") = "Tyuiu.NoskovVI.Sprint3.Task0.V28.Lib", "Tyuiu.NoskovVI.Sprint3.Task0.V28.Lib\Tyuiu.NoskovVI.Sprint3.Task0.V28.Lib.csproj", "{F6BCE4BA-283D-4AF7-A847-AB5644A7E3D6}"
EndProject
Project("{FAE04EC0-301F-11D3-BF4B-00C04F79EFBC}") = "Tyuiu.NoskovVI.Sprint3.Task0.V28.Test", "Tyuiu.NoskovVI.Sprint3.Task0.V28.Test\Tyuiu.NoskovVI.Sprint3.Task0.V28.Test.csproj", "{F8FD04FB-AD24-4E0B-BE30-5D190F8455D3}"
EndProject
Global
	GlobalSection(SolutionConfigurationPlatforms) = preSolution
		Debug|Any CPU = Debug|Any CPU
		Release|Any CPU = Release|Any CPU
	EndGlobalSection
	GlobalSection(ProjectConfigurationPlatforms) = postSolution
		{2BDD404C-62C4-4483-AF77-109982DE89E8}.Debug|Any CPU.ActiveCfg = Debug|Any CPU
		{2BDD404C-62C4-4483-AF77-109982DE89E8}.Debug|Any CPU.Build.0 = Debug|Any CPU
		{2BDD404C-62C4-4483-AF77-109982DE89E8}.Release|Any CPU.ActiveCfg = Release|Any CPU
		{2BDD404C-62C4-4483-AF77-109982DE89E8}.Release|Any CPU.Build.0 = Release|Any CPU
		{B1263C71-67C1-4E46-BA1A-C5FBB032219B}.Debug|Any CPU.ActiveCfg = Debug|Any CPU
		{B1263C71-67C1-4E46-BA1A-C5FBB032219B}.Debug|Any CPU.Build.0 = Debug|Any CPU
		{B1263C71-67C1-4E46-BA1A-C5FBB032219B}.Release|Any CPU.ActiveCfg = Release|Any CPU
		{B1263C71-67C1-4E46-BA1A-C5FBB032219B}.Release|Any CPU.Build.0 = Release|Any CPU
		{F6BCE4BA-283D-4AF7-A847-AB5644A7E3D6}.Debug|Any CPU.ActiveCfg = Debug|Any CPU
		{F6BCE4BA-283D-4AF7-A847-AB5644A7E3D6}.Debug|Any CPU.Build.0 = Debug|Any CPU
		{F6BCE4BA-283D-4AF7-A847-AB5644A7E3D6}.Release|Any CPU.ActiveCfg = Release|Any CPU
		{F6BCE4BA-283D-4AF7-A847-AB5644A7E3D6}.Release|Any CPU.Build.0 = Release|Any CPU
		{F8FD04FB-AD24-4E0B-BE30-5D190F8455D3}.Debug|Any CPU.ActiveCfg = Debug|Any CPU
		{F8FD04FB-AD24-4E0B-BE30-5D190F8455D3}.Debug|Any CPU.Build.0 = Debug|Any CPU
		{F8FD04FB-AD24-4E0B-BE30-5D190F8455D3}.Release|Any CPU.ActiveCfg = Release|Any CPU
		{F8FD04FB-AD24-4E0B-BE30-5D190F8455D3}.Release|Any CPU.Build.0 = Release|Any CPU
	EndGlobalSection
	GlobalSection(SolutionProperties) = preSolution
		HideSolutionNode = FALSE
	EndGlobalSection
	GlobalSection(NestedProjects) = preSolution
		{B1263C71-67C1-4E46-BA1A-C5FBB032219B} = {7187FE46-497B-48BB-94EB-108E83CBD25B}
		{F6BCE4BA-283D-4AF7-A847-AB5644A7E3D6} = {7187FE46-497B-48BB-94EB-108E83CBD25B}
		{F8FD04FB-AD24-4E0B-BE30-5D190F8455D3} = {7187FE46-497B-48BB-94EB-108E83CBD25B}
	EndGlobalSection
	GlobalSection(ExtensibilityGlobals) = postSolution
		SolutionGuid = {5C4DBE6A-EAF9-4D5D-BFA5-56E638DCD202}
	EndGlobalSection
EndGlobal
